
Microsoft Visual Studio Solution File, Format Version 12.00
# Visual Studio 15
VisualStudioVersion = 15.0.27703.2042
MinimumVisualStudioVersion = 10.0.40219.1
Project("{9A19103F-16F7-4668-BE54-9A1E7A4F7556}") = "TextBasedUI", "TextBasedUI.csproj", "{FF798168-FE58-4DF9-AD64-8BBF55328A6C}"
EndProject
Global
	GlobalSection(SolutionConfigurationPlatforms) = preSolution
		Debug|Any CPU = Debug|Any CPU
		Release|Any CPU = Release|Any CPU
	EndGlobalSection
	GlobalSection(ProjectConfigurationPlatforms) = postSolution
		{FF798168-FE58-4DF9-AD64-8BBF55328A6C}.Debug|Any CPU.ActiveCfg = Debug|Any CPU
		{FF798168-FE58-4DF9-AD64-8BBF55328A6C}.Debug|Any CPU.Build.0 = Debug|Any CPU
		{FF798168-FE58-4DF9-AD64-8BBF55328A6C}.Release|Any CPU.ActiveCfg = Release|Any CPU
		{FF798168-FE58-4DF9-AD64-8BBF55328A6C}.Release|Any CPU.Build.0 = Release|Any CPU
	EndGlobalSection
	GlobalSection(SolutionProperties) = preSolution
		HideSolutionNode = FALSE
	EndGlobalSection
	GlobalSection(ExtensibilityGlobals) = postSolution
		SolutionGuid = {21D8052F-B141-457D-96C0-E94506A3A4AB}
	EndGlobalSection
EndGlobal
